{
  "name": "pub",
  "version": "1.0.0",
  "lockfileVersion": 1,
  "requires": true,
  "dependencies": {
    "@sbzen/uicron-core": {
      "version": "1.0.3",
      "resolved": "https://registry.npmjs.org/@sbzen/uicron-core/-/uicron-core-1.0.3.tgz",
      "integrity": "sha512-WMlJRvlrG0UR63Z9avW0tTaEY8/4zjchL8RmfYTBbLls/czdUA5DpkmcpZxtGo0RRN0cUJy7ncHzv67nJ7Xjkg=="
    }
  }
}
